# This file is automatically @generated by Cargo.
# It is not intended for manual editing.
version = 4

[[package]]
name = "ax"
version = "0.1.0"

[[package]]
name = "capture"
version = "0.1.0"

[[package]]
name = "config"
version = "0.1.0"

[[package]]
name = "input"
version = "0.1.0"

[[package]]
name = "model"
version = "0.1.0"

[[package]]
name = "oriel"
version = "0.1.0"
dependencies = [
 "winsrv",
]

[[package]]
name = "skylight-sys"
version = "0.1.0"

[[package]]
name = "ui"
version = "0.1.0"

[[package]]
name = "winsrv"
version = "0.1.0"
dependencies = [
 "skylight-sys",
]
